{
  "name": "colorizerjs",
  "version": "1.0.0",
  "lockfileVersion": 1,
  "requires": true,
  "dependencies": {
    "jpeg-js": {
      "version": "0.3.5",
      "resolved": "https://registry.npmjs.org/jpeg-js/-/jpeg-js-0.3.5.tgz",
      "integrity": "sha512-hvaExqwmQDS8O9qnZAVDXGWU43Tbu1V0wMZmjROjT11jloSgGICZpscG+P6Nyi1BVAvyu2ARRx8qmEW30sxgdQ==",
      "dev": true
    }
  }
}
